// !$*UTF8*$!
{
	archiveVersion = 1;
	classes = {
	};
	objectVersion = 46;
	objects = {

/* Begin PBXBuildFile section */
		041B9349157784EC00EB34EC /* house@2x.png in Resources */ = {isa = PBXBuildFile; fileRef = 041B9347157784EC00EB34EC /* house@2x.png */; };
		041B934A157784EC00EB34EC /* magnifying_glass@2x.png in Resources */ = {isa = PBXBuildFile; fileRef = 041B9348157784EC00EB34EC /* magnifying_glass@2x.png */; };
		041B934D1577850600EB34EC /* house.png in Resources */ = {isa = PBXBuildFile; fileRef = 041B934B1577850600EB34EC /* house.png */; };
		041B934E1577850600EB34EC /* magnifying_glass.png in Resources */ = {isa = PBXBuildFile; fileRef = 041B934C1577850600EB34EC /* magnifying_glass.png */; };
		041B93511577862600EB34EC /* list_bullets.png in Resources */ = {isa = PBXBuildFile; fileRef = 041B934F1577862600EB34EC /* list_bullets.png */; };
		041B93521577862600EB34EC /* list_bullets@2x.png in Resources */ = {isa = PBXBuildFile; fileRef = 041B93501577862600EB34EC /* list_bullets@2x.png */; };
		041B93571577866500EB34EC /* rss.png in Resources */ = {isa = PBXBuildFile; fileRef = 041B93531577866500EB34EC /* rss.png */; };
		041B93581577866500EB34EC /* rss@2x.png in Resources */ = {isa = PBXBuildFile; fileRef = 041B93541577866500EB34EC /* rss@2x.png */; };
		041B93591577866500EB34EC /* rss_sq.png in Resources */ = {isa = PBXBuildFile; fileRef = 041B93551577866500EB34EC /* rss_sq.png */; };
		041B935A1577866500EB34EC /* rss_sq@2x.png in Resources */ = {isa = PBXBuildFile; fileRef = 041B93561577866500EB34EC /* rss_sq@2x.png */; };
		041B935D1577868300EB34EC /* user.png in Resources */ = {isa = PBXBuildFile; fileRef = 041B935B1577868300EB34EC /* user.png */; };
		041B935E1577868300EB34EC /* user@2x.png in Resources */ = {isa = PBXBuildFile; fileRef = 041B935C1577868300EB34EC /* user@2x.png */; };
		041B93611577869600EB34EC /* zoom.png in Resources */ = {isa = PBXBuildFile; fileRef = 041B935F1577869600EB34EC /* zoom.png */; };
		041B93621577869600EB34EC /* zoom@2x.png in Resources */ = {isa = PBXBuildFile; fileRef = 041B93601577869600EB34EC /* zoom@2x.png */; };
		041B9365157787F600EB34EC /* doc_edit.png in Resources */ = {isa = PBXBuildFile; fileRef = 041B9363157787F600EB34EC /* doc_edit.png */; };
		041B9366157787F600EB34EC /* doc_edit@2x.png in Resources */ = {isa = PBXBuildFile; fileRef = 041B9364157787F600EB34EC /* doc_edit@2x.png */; };
		041B93691577881F00EB34EC /* pencil.png in Resources */ = {isa = PBXBuildFile; fileRef = 041B93671577881F00EB34EC /* pencil.png */; };
		041B936A1577881F00EB34EC /* pencil@2x.png in Resources */ = {isa = PBXBuildFile; fileRef = 041B93681577881F00EB34EC /* pencil@2x.png */; };
		042ED02115988593001F285B /* QuartzCore.framework in Frameworks */ = {isa = PBXBuildFile; fileRef = 042ED02015988593001F285B /* QuartzCore.framework */; };
		04395CA315830BF400A8B488 /* UserShowViewController.m in Sources */ = {isa = PBXBuildFile; fileRef = 04395CA215830BF400A8B488 /* UserShowViewController.m */; };
		04395CB715834EA600A8B488 /* SearchViewController.m in Sources */ = {isa = PBXBuildFile; fileRef = 04395CB615834EA600A8B488 /* SearchViewController.m */; };
		04BA25F71598733E00C2C630 /* 回答.png in Resources */ = {isa = PBXBuildFile; fileRef = 04BA25F51598733E00C2C630 /* 回答.png */; };
		04BA25F81598733E00C2C630 /* 回答@2x.png in Resources */ = {isa = PBXBuildFile; fileRef = 04BA25F61598733E00C2C630 /* 回答@2x.png */; };
		04BA25FC1598738300C2C630 /* 胜出.png in Resources */ = {isa = PBXBuildFile; fileRef = 04BA25FA1598738300C2C630 /* 胜出.png */; };
		04BA25FD1598738300C2C630 /* 胜出@2x.png in Resources */ = {isa = PBXBuildFile; fileRef = 04BA25FB1598738300C2C630 /* 胜出@2x.png */; };
		04BA2600159873D500C2C630 /* 提问.png in Resources */ = {isa = PBXBuildFile; fileRef = 04BA25FE159873D500C2C630 /* 提问.png */; };
		04BA2601159873D500C2C630 /* 提问@2x.png in Resources */ = {isa = PBXBuildFile; fileRef = 04BA25FF159873D500C2C630 /* 提问@2x.png */; };
		04C20611156F302400B31E3F /* UIKit.framework in Frameworks */ = {isa = PBXBuildFile; fileRef = 04C20610156F302400B31E3F /* UIKit.framework */; };
		04C20613156F302400B31E3F /* Foundation.framework in Frameworks */ = {isa = PBXBuildFile; fileRef = 04C20612156F302400B31E3F /* Foundation.framework */; };
		04C20615156F302400B31E3F /* CoreGraphics.framework in Frameworks */ = {isa = PBXBuildFile; fileRef = 04C20614156F302400B31E3F /* CoreGraphics.framework */; };
		04C2061B156F302400B31E3F /* InfoPlist.strings in Resources */ = {isa = PBXBuildFile; fileRef = 04C20619156F302400B31E3F /* InfoPlist.strings */; };
		04C2061D156F302400B31E3F /* main.m in Sources */ = {isa = PBXBuildFile; fileRef = 04C2061C156F302400B31E3F /* main.m */; };
		04C20621156F302400B31E3F /* AppDelegate.m in Sources */ = {isa = PBXBuildFile; fileRef = 04C20620156F302400B31E3F /* AppDelegate.m */; };
		04C20624156F302400B31E3F /* MainStoryboard.storyboard in Resources */ = {isa = PBXBuildFile; fileRef = 04C20622156F302400B31E3F /* MainStoryboard.storyboard */; };
		04C20627156F302400B31E3F /* SignInViewController.m in Sources */ = {isa = PBXBuildFile; fileRef = 04C20626156F302400B31E3F /* SignInViewController.m */; };
		04C20639156F334F00B31E3F /* MobileCoreServices.framework in Frameworks */ = {isa = PBXBuildFile; fileRef = 04C20638156F334F00B31E3F /* MobileCoreServices.framework */; };
		04C2063C156F335800B31E3F /* SystemConfiguration.framework in Frameworks */ = {isa = PBXBuildFile; fileRef = 04C2063B156F335800B31E3F /* SystemConfiguration.framework */; };
		04C2063E156F335F00B31E3F /* CFNetwork.framework in Frameworks */ = {isa = PBXBuildFile; fileRef = 04C2063D156F335F00B31E3F /* CFNetwork.framework */; };
		04C20640156F337200B31E3F /* libz.1.2.5.dylib in Frameworks */ = {isa = PBXBuildFile; fileRef = 04C2063F156F337200B31E3F /* libz.1.2.5.dylib */; };
		04D5D6651570D02300935C59 /* ActivityTableViewController.m in Sources */ = {isa = PBXBuildFile; fileRef = 04D5D6641570D02300935C59 /* ActivityTableViewController.m */; };
		751E4C381577B59F007BFDD5 /* UserTableViewController.m in Sources */ = {isa = PBXBuildFile; fileRef = 751E4C371577B59F007BFDD5 /* UserTableViewController.m */; };
		751E4C3C1577BE58007BFDD5 /* cog_icon.png in Resources */ = {isa = PBXBuildFile; fileRef = 751E4C3A1577BE58007BFDD5 /* cog_icon.png */; };
		751E4C3D1577BE58007BFDD5 /* cog_icon@2x.png in Resources */ = {isa = PBXBuildFile; fileRef = 751E4C3B1577BE58007BFDD5 /* cog_icon@2x.png */; };
		8130E9F7AE514DFBB2AE7143 /* libPods.a in Frameworks */ = {isa = PBXBuildFile; fileRef = BD8FAB3535DA4D26928B43D5 /* libPods.a */; };
/* End PBXBuildFile section */

/* Begin PBXFileReference section */
		041B9347157784EC00EB34EC /* house@2x.png */ = {isa = PBXFileReference; lastKnownFileType = image.png; path = "house@2x.png"; sourceTree = "<group>"; };
		041B9348157784EC00EB34EC /* magnifying_glass@2x.png */ = {isa = PBXFileReference; lastKnownFileType = image.png; path = "magnifying_glass@2x.png"; sourceTree = "<group>"; };
		041B934B1577850600EB34EC /* house.png */ = {isa = PBXFileReference; lastKnownFileType = image.png; path = house.png; sourceTree = "<group>"; };
		041B934C1577850600EB34EC /* magnifying_glass.png */ = {isa = PBXFileReference; lastKnownFileType = image.png; path = magnifying_glass.png; sourceTree = "<group>"; };
		041B934F1577862600EB34EC /* list_bullets.png */ = {isa = PBXFileReference; lastKnownFileType = image.png; path = list_bullets.png; sourceTree = "<group>"; };
		041B93501577862600EB34EC /* list_bullets@2x.png */ = {isa = PBXFileReference; lastKnownFileType = image.png; path = "list_bullets@2x.png"; sourceTree = "<group>"; };
		041B93531577866500EB34EC /* rss.png */ = {isa = PBXFileReference; lastKnownFileType = image.png; path = rss.png; sourceTree = "<group>"; };
		041B93541577866500EB34EC /* rss@2x.png */ = {isa = PBXFileReference; lastKnownFileType = image.png; path = "rss@2x.png"; sourceTree = "<group>"; };
		041B93551577866500EB34EC /* rss_sq.png */ = {isa = PBXFileReference; lastKnownFileType = image.png; path = rss_sq.png; sourceTree = "<group>"; };
		041B93561577866500EB34EC /* rss_sq@2x.png */ = {isa = PBXFileReference; lastKnownFileType = image.png; path = "rss_sq@2x.png"; sourceTree = "<group>"; };
		041B935B1577868300EB34EC /* user.png */ = {isa = PBXFileReference; lastKnownFileType = image.png; path = user.png; sourceTree = "<group>"; };
		041B935C1577868300EB34EC /* user@2x.png */ = {isa = PBXFileReference; lastKnownFileType = image.png; path = "user@2x.png"; sourceTree = "<group>"; };
		041B935F1577869600EB34EC /* zoom.png */ = {isa = PBXFileReference; lastKnownFileType = image.png; path = zoom.png; sourceTree = "<group>"; };
		041B93601577869600EB34EC /* zoom@2x.png */ = {isa = PBXFileReference; lastKnownFileType = image.png; path = "zoom@2x.png"; sourceTree = "<group>"; };
		041B9363157787F600EB34EC /* doc_edit.png */ = {isa = PBXFileReference; lastKnownFileType = image.png; path = doc_edit.png; sourceTree = "<group>"; };
		041B9364157787F600EB34EC /* doc_edit@2x.png */ = {isa = PBXFileReference; lastKnownFileType = image.png; path = "doc_edit@2x.png"; sourceTree = "<group>"; };
		041B93671577881F00EB34EC /* pencil.png */ = {isa = PBXFileReference; lastKnownFileType = image.png; path = pencil.png; sourceTree = "<group>"; };
		041B93681577881F00EB34EC /* pencil@2x.png */ = {isa = PBXFileReference; lastKnownFileType = image.png; path = "pencil@2x.png"; sourceTree = "<group>"; };
		042ED02015988593001F285B /* QuartzCore.framework */ = {isa = PBXFileReference; lastKnownFileType = wrapper.framework; name = QuartzCore.framework; path = System/Library/Frameworks/QuartzCore.framework; sourceTree = SDKROOT; };
		04395CA115830BF400A8B488 /* UserShowViewController.h */ = {isa = PBXFileReference; fileEncoding = 4; lastKnownFileType = sourcecode.c.h; path = UserShowViewController.h; sourceTree = "<group>"; };
		04395CA215830BF400A8B488 /* UserShowViewController.m */ = {isa = PBXFileReference; fileEncoding = 4; lastKnownFileType = sourcecode.c.objc; path = UserShowViewController.m; sourceTree = "<group>"; };
		04395CB515834EA500A8B488 /* SearchViewController.h */ = {isa = PBXFileReference; fileEncoding = 4; lastKnownFileType = sourcecode.c.h; path = SearchViewController.h; sourceTree = "<group>"; };
		04395CB615834EA600A8B488 /* SearchViewController.m */ = {isa = PBXFileReference; fileEncoding = 4; lastKnownFileType = sourcecode.c.objc; path = SearchViewController.m; sourceTree = "<group>"; };
		04BA25F51598733E00C2C630 /* 回答.png */ = {isa = PBXFileReference; lastKnownFileType = image.png; path = "回答.png"; sourceTree = "<group>"; };
		04BA25F61598733E00C2C630 /* 回答@2x.png */ = {isa = PBXFileReference; lastKnownFileType = image.png; path = "回答@2x.png"; sourceTree = "<group>"; };
		04BA25FA1598738300C2C630 /* 胜出.png */ = {isa = PBXFileReference; lastKnownFileType = image.png; path = "胜出.png"; sourceTree = "<group>"; };
		04BA25FB1598738300C2C630 /* 胜出@2x.png */ = {isa = PBXFileReference; lastKnownFileType = image.png; path = "胜出@2x.png"; sourceTree = "<group>"; };
		04BA25FE159873D500C2C630 /* 提问.png */ = {isa = PBXFileReference; lastKnownFileType = image.png; path = "提问.png"; sourceTree = "<group>"; };
		04BA25FF159873D500C2C630 /* 提问@2x.png */ = {isa = PBXFileReference; lastKnownFileType = image.png; path = "提问@2x.png"; sourceTree = "<group>"; };
		04C2060C156F302400B31E3F /* sparrow.app */ = {isa = PBXFileReference; explicitFileType = wrapper.application; includeInIndex = 0; path = sparrow.app; sourceTree = BUILT_PRODUCTS_DIR; };
		04C20610156F302400B31E3F /* UIKit.framework */ = {isa = PBXFileReference; lastKnownFileType = wrapper.framework; name = UIKit.framework; path = System/Library/Frameworks/UIKit.framework; sourceTree = SDKROOT; };
		04C20612156F302400B31E3F /* Foundation.framework */ = {isa = PBXFileReference; lastKnownFileType = wrapper.framework; name = Foundation.framework; path = System/Library/Frameworks/Foundation.framework; sourceTree = SDKROOT; };
		04C20614156F302400B31E3F /* CoreGraphics.framework */ = {isa = PBXFileReference; lastKnownFileType = wrapper.framework; name = CoreGraphics.framework; path = System/Library/Frameworks/CoreGraphics.framework; sourceTree = SDKROOT; };
		04C20618156F302400B31E3F /* sparrow-Info.plist */ = {isa = PBXFileReference; lastKnownFileType = text.plist.xml; path = "sparrow-Info.plist"; sourceTree = "<group>"; };
		04C2061A156F302400B31E3F /* en */ = {isa = PBXFileReference; lastKnownFileType = text.plist.strings; name = en; path = en.lproj/InfoPlist.strings; sourceTree = "<group>"; };
		04C2061C156F302400B31E3F /* main.m */ = {isa = PBXFileReference; lastKnownFileType = sourcecode.c.objc; path = main.m; sourceTree = "<group>"; };
		04C2061E156F302400B31E3F /* sparrow-Prefix.pch */ = {isa = PBXFileReference; lastKnownFileType = sourcecode.c.h; path = "sparrow-Prefix.pch"; sourceTree = "<group>"; };
		04C2061F156F302400B31E3F /* AppDelegate.h */ = {isa = PBXFileReference; lastKnownFileType = sourcecode.c.h; path = AppDelegate.h; sourceTree = "<group>"; };
		04C20620156F302400B31E3F /* AppDelegate.m */ = {isa = PBXFileReference; lastKnownFileType = sourcecode.c.objc; path = AppDelegate.m; sourceTree = "<group>"; };
		04C20623156F302400B31E3F /* en */ = {isa = PBXFileReference; lastKnownFileType = file.storyboard; name = en; path = en.lproj/MainStoryboard.storyboard; sourceTree = "<group>"; };
		04C20625156F302400B31E3F /* SignInViewController.h */ = {isa = PBXFileReference; lastKnownFileType = sourcecode.c.h; path = SignInViewController.h; sourceTree = "<group>"; };
		04C20626156F302400B31E3F /* SignInViewController.m */ = {isa = PBXFileReference; lastKnownFileType = sourcecode.c.objc; path = SignInViewController.m; sourceTree = "<group>"; };
		04C20638156F334F00B31E3F /* MobileCoreServices.framework */ = {isa = PBXFileReference; lastKnownFileType = wrapper.framework; name = MobileCoreServices.framework; path = System/Library/Frameworks/MobileCoreServices.framework; sourceTree = SDKROOT; };
		04C2063B156F335800B31E3F /* SystemConfiguration.framework */ = {isa = PBXFileReference; lastKnownFileType = wrapper.framework; name = SystemConfiguration.framework; path = System/Library/Frameworks/SystemConfiguration.framework; sourceTree = SDKROOT; };
		04C2063D156F335F00B31E3F /* CFNetwork.framework */ = {isa = PBXFileReference; lastKnownFileType = wrapper.framework; name = CFNetwork.framework; path = System/Library/Frameworks/CFNetwork.framework; sourceTree = SDKROOT; };
		04C2063F156F337200B31E3F /* libz.1.2.5.dylib */ = {isa = PBXFileReference; lastKnownFileType = "compiled.mach-o.dylib"; name = libz.1.2.5.dylib; path = usr/lib/libz.1.2.5.dylib; sourceTree = SDKROOT; };
		04D5D6631570D02300935C59 /* ActivityTableViewController.h */ = {isa = PBXFileReference; fileEncoding = 4; lastKnownFileType = sourcecode.c.h; path = ActivityTableViewController.h; sourceTree = "<group>"; };
		04D5D6641570D02300935C59 /* ActivityTableViewController.m */ = {isa = PBXFileReference; fileEncoding = 4; lastKnownFileType = sourcecode.c.objc; path = ActivityTableViewController.m; sourceTree = "<group>"; };
		04D5D6671570D0BD00935C59 /* Constant.h */ = {isa = PBXFileReference; fileEncoding = 4; lastKnownFileType = sourcecode.c.h; path = Constant.h; sourceTree = "<group>"; };
		170FFE6909894292A7C01327 /* Pods.xcconfig */ = {isa = PBXFileReference; lastKnownFileType = text.xcconfig; name = Pods.xcconfig; path = Pods/Pods.xcconfig; sourceTree = SOURCE_ROOT; };
		751E4C361577B59F007BFDD5 /* UserTableViewController.h */ = {isa = PBXFileReference; fileEncoding = 4; lastKnownFileType = sourcecode.c.h; path = UserTableViewController.h; sourceTree = "<group>"; };
		751E4C371577B59F007BFDD5 /* UserTableViewController.m */ = {isa = PBXFileReference; fileEncoding = 4; lastKnownFileType = sourcecode.c.objc; path = UserTableViewController.m; sourceTree = "<group>"; };
		751E4C3A1577BE58007BFDD5 /* cog_icon.png */ = {isa = PBXFileReference; lastKnownFileType = image.png; path = cog_icon.png; sourceTree = "<group>"; };
		751E4C3B1577BE58007BFDD5 /* cog_icon@2x.png */ = {isa = PBXFileReference; lastKnownFileType = image.png; path = "cog_icon@2x.png"; sourceTree = "<group>"; };
		BD8FAB3535DA4D26928B43D5 /* libPods.a */ = {isa = PBXFileReference; explicitFileType = archive.ar; includeInIndex = 0; path = libPods.a; sourceTree = BUILT_PRODUCTS_DIR; };
/* End PBXFileReference section */

/* Begin PBXFrameworksBuildPhase section */
		04C20609156F302400B31E3F /* Frameworks */ = {
			isa = PBXFrameworksBuildPhase;
			buildActionMask = 2147483647;
			files = (
				042ED02115988593001F285B /* QuartzCore.framework in Frameworks */,
				04C20640156F337200B31E3F /* libz.1.2.5.dylib in Frameworks */,
				04C2063E156F335F00B31E3F /* CFNetwork.framework in Frameworks */,
				04C2063C156F335800B31E3F /* SystemConfiguration.framework in Frameworks */,
				04C20639156F334F00B31E3F /* MobileCoreServices.framework in Frameworks */,
				04C20611156F302400B31E3F /* UIKit.framework in Frameworks */,
				04C20613156F302400B31E3F /* Foundation.framework in Frameworks */,
				04C20615156F302400B31E3F /* CoreGraphics.framework in Frameworks */,
				8130E9F7AE514DFBB2AE7143 /* libPods.a in Frameworks */,
			);
			runOnlyForDeploymentPostprocessing = 0;
		};
/* End PBXFrameworksBuildPhase section */

/* Begin PBXGroup section */
		0466051615709BCB00E88233 /* resources */ = {
			isa = PBXGroup;
			children = (
				751E4C3A1577BE58007BFDD5 /* cog_icon.png */,
				751E4C3B1577BE58007BFDD5 /* cog_icon@2x.png */,
				041B9347157784EC00EB34EC /* house@2x.png */,
				04BA25F51598733E00C2C630 /* 回答.png */,
				04BA25F61598733E00C2C630 /* 回答@2x.png */,
				041B93531577866500EB34EC /* rss.png */,
				04BA25FA1598738300C2C630 /* 胜出.png */,
				04BA25FB1598738300C2C630 /* 胜出@2x.png */,
				04BA25FE159873D500C2C630 /* 提问.png */,
				04BA25FF159873D500C2C630 /* 提问@2x.png */,
				041B93541577866500EB34EC /* rss@2x.png */,
				041B93551577866500EB34EC /* rss_sq.png */,
				041B9363157787F600EB34EC /* doc_edit.png */,
				041B9364157787F600EB34EC /* doc_edit@2x.png */,
				041B935F1577869600EB34EC /* zoom.png */,
				041B93601577869600EB34EC /* zoom@2x.png */,
				041B935B1577868300EB34EC /* user.png */,
				041B93671577881F00EB34EC /* pencil.png */,
				041B93681577881F00EB34EC /* pencil@2x.png */,
				041B935C1577868300EB34EC /* user@2x.png */,
				041B93561577866500EB34EC /* rss_sq@2x.png */,
				041B934F1577862600EB34EC /* list_bullets.png */,
				041B93501577862600EB34EC /* list_bullets@2x.png */,
				041B934B1577850600EB34EC /* house.png */,
				041B934C1577850600EB34EC /* magnifying_glass.png */,
				041B9348157784EC00EB34EC /* magnifying_glass@2x.png */,
			);
			name = resources;
			sourceTree = "<group>";
		};
		04C20601156F302400B31E3F = {
			isa = PBXGroup;
			children = (
				0466051615709BCB00E88233 /* resources */,
				04C20616156F302400B31E3F /* sparrow */,
				04C2060F156F302400B31E3F /* Frameworks */,
				04C2060D156F302400B31E3F /* Products */,
				170FFE6909894292A7C01327 /* Pods.xcconfig */,
			);
			sourceTree = "<group>";
		};
		04C2060D156F302400B31E3F /* Products */ = {
			isa = PBXGroup;
			children = (
				04C2060C156F302400B31E3F /* sparrow.app */,
			);
			name = Products;
			sourceTree = "<group>";
		};
		04C2060F156F302400B31E3F /* Frameworks */ = {
			isa = PBXGroup;
			children = (
				042ED02015988593001F285B /* QuartzCore.framework */,
				04C2063F156F337200B31E3F /* libz.1.2.5.dylib */,
				04C2063D156F335F00B31E3F /* CFNetwork.framework */,
				04C2063B156F335800B31E3F /* SystemConfiguration.framework */,
				04C20638156F334F00B31E3F /* MobileCoreServices.framework */,
				04C20610156F302400B31E3F /* UIKit.framework */,
				04C20612156F302400B31E3F /* Foundation.framework */,
				04C20614156F302400B31E3F /* CoreGraphics.framework */,
				BD8FAB3535DA4D26928B43D5 /* libPods.a */,
			);
			name = Frameworks;
			sourceTree = "<group>";
		};
		04C20616156F302400B31E3F /* sparrow */ = {
			isa = PBXGroup;
			children = (
				04C2061F156F302400B31E3F /* AppDelegate.h */,
				04C20620156F302400B31E3F /* AppDelegate.m */,
				04C20622156F302400B31E3F /* MainStoryboard.storyboard */,
				04395CB515834EA500A8B488 /* SearchViewController.h */,
				04395CB615834EA600A8B488 /* SearchViewController.m */,
				04395CA115830BF400A8B488 /* UserShowViewController.h */,
				04395CA215830BF400A8B488 /* UserShowViewController.m */,
				751E4C361577B59F007BFDD5 /* UserTableViewController.h */,
				751E4C371577B59F007BFDD5 /* UserTableViewController.m */,
				04C20625156F302400B31E3F /* SignInViewController.h */,
				04C20626156F302400B31E3F /* SignInViewController.m */,
				04D5D6631570D02300935C59 /* ActivityTableViewController.h */,
				04D5D6641570D02300935C59 /* ActivityTableViewController.m */,
				04D5D6671570D0BD00935C59 /* Constant.h */,
				04C20617156F302400B31E3F /* Supporting Files */,
			);
			path = sparrow;
			sourceTree = "<group>";
		};
		04C20617156F302400B31E3F /* Supporting Files */ = {
			isa = PBXGroup;
			children = (
				04C20618156F302400B31E3F /* sparrow-Info.plist */,
				04C20619156F302400B31E3F /* InfoPlist.strings */,
				04C2061C156F302400B31E3F /* main.m */,
				04C2061E156F302400B31E3F /* sparrow-Prefix.pch */,
			);
			name = "Supporting Files";
			sourceTree = "<group>";
		};
/* End PBXGroup section */

/* Begin PBXNativeTarget section */
		04C2060B156F302400B31E3F /* sparrow */ = {
			isa = PBXNativeTarget;
			buildConfigurationList = 04C2062A156F302400B31E3F /* Build configuration list for PBXNativeTarget "sparrow" */;
			buildPhases = (
				04C20608156F302400B31E3F /* Sources */,
				04C20609156F302400B31E3F /* Frameworks */,
				04C2060A156F302400B31E3F /* Resources */,
				E573AF4386F84A43A07646C8 /* Copy Pods Resources */,
			);
			buildRules = (
			);
			dependencies = (
			);
			name = sparrow;
			productName = sparrow;
			productReference = 04C2060C156F302400B31E3F /* sparrow.app */;
			productType = "com.apple.product-type.application";
		};
/* End PBXNativeTarget section */

/* Begin PBXProject section */
		04C20603156F302400B31E3F /* Project object */ = {
			isa = PBXProject;
			attributes = {
				LastUpgradeCheck = 0420;
			};
			buildConfigurationList = 04C20606156F302400B31E3F /* Build configuration list for PBXProject "sparrow" */;
			compatibilityVersion = "Xcode 3.2";
			developmentRegion = English;
			hasScannedForEncodings = 0;
			knownRegions = (
				en,
			);
			mainGroup = 04C20601156F302400B31E3F;
			productRefGroup = 04C2060D156F302400B31E3F /* Products */;
			projectDirPath = "";
			projectRoot = "";
			targets = (
				04C2060B156F302400B31E3F /* sparrow */,
			);
		};
/* End PBXProject section */

/* Begin PBXResourcesBuildPhase section */
		04C2060A156F302400B31E3F /* Resources */ = {
			isa = PBXResourcesBuildPhase;
			buildActionMask = 2147483647;
			files = (
				04C2061B156F302400B31E3F /* InfoPlist.strings in Resources */,
				04C20624156F302400B31E3F /* MainStoryboard.storyboard in Resources */,
				041B9349157784EC00EB34EC /* house@2x.png in Resources */,
				041B934A157784EC00EB34EC /* magnifying_glass@2x.png in Resources */,
				041B934D1577850600EB34EC /* house.png in Resources */,
				041B934E1577850600EB34EC /* magnifying_glass.png in Resources */,
				041B93511577862600EB34EC /* list_bullets.png in Resources */,
				041B93521577862600EB34EC /* list_bullets@2x.png in Resources */,
				041B93571577866500EB34EC /* rss.png in Resources */,
				041B93581577866500EB34EC /* rss@2x.png in Resources */,
				041B93591577866500EB34EC /* rss_sq.png in Resources */,
				041B935A1577866500EB34EC /* rss_sq@2x.png in Resources */,
				041B935D1577868300EB34EC /* user.png in Resources */,
				041B935E1577868300EB34EC /* user@2x.png in Resources */,
				041B93611577869600EB34EC /* zoom.png in Resources */,
				041B93621577869600EB34EC /* zoom@2x.png in Resources */,
				041B9365157787F600EB34EC /* doc_edit.png in Resources */,
				041B9366157787F600EB34EC /* doc_edit@2x.png in Resources */,
				041B93691577881F00EB34EC /* pencil.png in Resources */,
				041B936A1577881F00EB34EC /* pencil@2x.png in Resources */,
				751E4C3C1577BE58007BFDD5 /* cog_icon.png in Resources */,
				751E4C3D1577BE58007BFDD5 /* cog_icon@2x.png in Resources */,
				04BA25F71598733E00C2C630 /* 回答.png in Resources */,
				04BA25F81598733E00C2C630 /* 回答@2x.png in Resources */,
				04BA25FC1598738300C2C630 /* 胜出.png in Resources */,
				04BA25FD1598738300C2C630 /* 胜出@2x.png in Resources */,
				04BA2600159873D500C2C630 /* 提问.png in Resources */,
				04BA2601159873D500C2C630 /* 提问@2x.png in Resources */,
			);
			runOnlyForDeploymentPostprocessing = 0;
		};
/* End PBXResourcesBuildPhase section */

/* Begin PBXShellScriptBuildPhase section */
		E573AF4386F84A43A07646C8 /* Copy Pods Resources */ = {
			isa = PBXShellScriptBuildPhase;
			buildActionMask = 2147483647;
			files = (
			);
			inputPaths = (
			);
			name = "Copy Pods Resources";
			outputPaths = (
			);
			runOnlyForDeploymentPostprocessing = 0;
			shellPath = /bin/sh;
			shellScript = "\"${SRCROOT}/Pods/Pods-resources.sh\"\n";
		};
/* End PBXShellScriptBuildPhase section */

/* Begin PBXSourcesBuildPhase section */
		04C20608156F302400B31E3F /* Sources */ = {
			isa = PBXSourcesBuildPhase;
			buildActionMask = 2147483647;
			files = (
				04C2061D156F302400B31E3F /* main.m in Sources */,
				04C20621156F302400B31E3F /* AppDelegate.m in Sources */,
				04C20627156F302400B31E3F /* SignInViewController.m in Sources */,
				04D5D6651570D02300935C59 /* ActivityTableViewController.m in Sources */,
				751E4C381577B59F007BFDD5 /* UserTableViewController.m in Sources */,
				04395CA315830BF400A8B488 /* UserShowViewController.m in Sources */,
				04395CB715834EA600A8B488 /* SearchViewController.m in Sources */,
			);
			runOnlyForDeploymentPostprocessing = 0;
		};
/* End PBXSourcesBuildPhase section */

/* Begin PBXVariantGroup section */
		04C20619156F302400B31E3F /* InfoPlist.strings */ = {
			isa = PBXVariantGroup;
			children = (
				04C2061A156F302400B31E3F /* en */,
			);
			name = InfoPlist.strings;
			sourceTree = "<group>";
		};
		04C20622156F302400B31E3F /* MainStoryboard.storyboard */ = {
			isa = PBXVariantGroup;
			children = (
				04C20623156F302400B31E3F /* en */,
			);
			name = MainStoryboard.storyboard;
			sourceTree = "<group>";
		};
/* End PBXVariantGroup section */

/* Begin XCBuildConfiguration section */
		04C20628156F302400B31E3F /* Debug */ = {
			isa = XCBuildConfiguration;
			buildSettings = {
				ALWAYS_SEARCH_USER_PATHS = NO;
				ARCHS = "$(ARCHS_STANDARD_32_BIT)";
				CLANG_ENABLE_OBJC_ARC = YES;
				"CODE_SIGN_IDENTITY[sdk=iphoneos*]" = "iPhone Developer";
				COPY_PHASE_STRIP = NO;
				GCC_C_LANGUAGE_STANDARD = gnu99;
				GCC_DYNAMIC_NO_PIC = NO;
				GCC_OPTIMIZATION_LEVEL = 0;
				GCC_PREPROCESSOR_DEFINITIONS = (
					"DEBUG=1",
					"$(inherited)",
				);
				GCC_SYMBOLS_PRIVATE_EXTERN = NO;
				GCC_VERSION = com.apple.compilers.llvm.clang.1_0;
				GCC_WARN_ABOUT_MISSING_PROTOTYPES = YES;
				GCC_WARN_ABOUT_RETURN_TYPE = YES;
				GCC_WARN_UNUSED_VARIABLE = YES;
				IPHONEOS_DEPLOYMENT_TARGET = 5.0;
				SDKROOT = iphoneos;
			};
			name = Debug;
		};
		04C20629156F302400B31E3F /* Release */ = {
			isa = XCBuildConfiguration;
			buildSettings = {
				ALWAYS_SEARCH_USER_PATHS = NO;
				ARCHS = "$(ARCHS_STANDARD_32_BIT)";
				CLANG_ENABLE_OBJC_ARC = YES;
				"CODE_SIGN_IDENTITY[sdk=iphoneos*]" = "iPhone Developer";
				COPY_PHASE_STRIP = YES;
				GCC_C_LANGUAGE_STANDARD = gnu99;
				GCC_VERSION = com.apple.compilers.llvm.clang.1_0;
				GCC_WARN_ABOUT_MISSING_PROTOTYPES = YES;
				GCC_WARN_ABOUT_RETURN_TYPE = YES;
				GCC_WARN_UNUSED_VARIABLE = YES;
				IPHONEOS_DEPLOYMENT_TARGET = 5.0;
				OTHER_CFLAGS = "-DNS_BLOCK_ASSERTIONS=1";
				SDKROOT = iphoneos;
				VALIDATE_PRODUCT = YES;
			};
			name = Release;
		};
		04C2062B156F302400B31E3F /* Debug */ = {
			isa = XCBuildConfiguration;
			baseConfigurationReference = 170FFE6909894292A7C01327 /* Pods.xcconfig */;
			buildSettings = {
				"CODE_SIGN_IDENTITY[sdk=iphoneos*]" = "iPhone Developer";
				DSTROOT = /tmp/xcodeproj.dst;
				GCC_PRECOMPILE_PREFIX_HEADER = YES;
				GCC_PREFIX_HEADER = "sparrow/sparrow-Prefix.pch";
				GCC_VERSION = com.apple.compilers.llvm.clang.1_0;
				INFOPLIST_FILE = "sparrow/sparrow-Info.plist";
				PRODUCT_NAME = "$(TARGET_NAME)";
				"PROVISIONING_PROFILE[sdk=iphoneos*]" = "";
				SKIP_INSTALL = YES;
				WRAPPER_EXTENSION = app;
			};
			name = Debug;
		};
		04C2062C156F302400B31E3F /* Release */ = {
			isa = XCBuildConfiguration;
			baseConfigurationReference = 170FFE6909894292A7C01327 /* Pods.xcconfig */;
			buildSettings = {
				"CODE_SIGN_IDENTITY[sdk=iphoneos*]" = "iPhone Developer";
				DSTROOT = /tmp/xcodeproj.dst;
				GCC_PRECOMPILE_PREFIX_HEADER = YES;
				GCC_PREFIX_HEADER = "sparrow/sparrow-Prefix.pch";
				GCC_VERSION = com.apple.compilers.llvm.clang.1_0;
				INFOPLIST_FILE = "sparrow/sparrow-Info.plist";
				PRODUCT_NAME = "$(TARGET_NAME)";
				"PROVISIONING_PROFILE[sdk=iphoneos*]" = "";
				SKIP_INSTALL = YES;
				WRAPPER_EXTENSION = app;
			};
			name = Release;
		};
/* End XCBuildConfiguration section */

/* Begin XCConfigurationList section */
		04C20606156F302400B31E3F /* Build configuration list for PBXProject "sparrow" */ = {
			isa = XCConfigurationList;
			buildConfigurations = (
				04C20628156F302400B31E3F /* Debug */,
				04C20629156F302400B31E3F /* Release */,
			);
			defaultConfigurationIsVisible = 0;
			defaultConfigurationName = Release;
		};
		04C2062A156F302400B31E3F /* Build configuration list for PBXNativeTarget "sparrow" */ = {
			isa = XCConfigurationList;
			buildConfigurations = (
				04C2062B156F302400B31E3F /* Debug */,
				04C2062C156F302400B31E3F /* Release */,
			);
			defaultConfigurationIsVisible = 0;
			defaultConfigurationName = Release;
		};
/* End XCConfigurationList section */
	};
	rootObject = 04C20603156F302400B31E3F /* Project object */;
}
